// !$*UTF8*$!
{
	archiveVersion = 1;
	classes = {
	};
	objectVersion = 46;
	objects = {

/* Begin PBXBuildFile section */
		E79415A61E5D493F004303A6 /* AppDelegate.swift in Sources */ = {isa = PBXBuildFile; fileRef = E79415A51E5D493F004303A6 /* AppDelegate.swift */; };
		E79415A81E5D493F004303A6 /* ViewController.swift in Sources */ = {isa = PBXBuildFile; fileRef = E79415A71E5D493F004303A6 /* ViewController.swift */; };
		E79415AB1E5D493F004303A6 /* Main.storyboard in Resources */ = {isa = PBXBuildFile; fileRef = E79415A91E5D493F004303A6 /* Main.storyboard */; };
		E79415AD1E5D493F004303A6 /* Assets.xcassets in Resources */ = {isa = PBXBuildFile; fileRef = E79415AC1E5D493F004303A6 /* Assets.xcassets */; };
		E79415B01E5D493F004303A6 /* LaunchScreen.storyboard in Resources */ = {isa = PBXBuildFile; fileRef = E79415AE1E5D493F004303A6 /* LaunchScreen.storyboard */; };
		E79415B91E5D4E44004303A6 /* 복실이.jpg in Resources */ = {isa = PBXBuildFile; fileRef = E79415B71E5D4E44004303A6 /* 복실이.jpg */; };
		E79415BA1E5D4E44004303A6 /* kkk.jpg in Resources */ = {isa = PBXBuildFile; fileRef = E79415B81E5D4E44004303A6 /* kkk.jpg */; };
		E79415BC1E5D4E79004303A6 /* ImageViewController.swift in Sources */ = {isa = PBXBuildFile; fileRef = E79415BB1E5D4E79004303A6 /* ImageViewController.swift */; };
		E79415BE1E5D50E3004303A6 /* DateViewController.swift in Sources */ = {isa = PBXBuildFile; fileRef = E79415BD1E5D50E3004303A6 /* DateViewController.swift */; };
		E79415C01E5D555B004303A6 /* File.png in Resources */ = {isa = PBXBuildFile; fileRef = E79415BF1E5D555B004303A6 /* File.png */; };
/* End PBXBuildFile section */

/* Begin PBXFileReference section */
		E79415A21E5D493F004303A6 /* Tab.app */ = {isa = PBXFileReference; explicitFileType = wrapper.application; includeInIndex = 0; path = Tab.app; sourceTree = BUILT_PRODUCTS_DIR; };
		E79415A51E5D493F004303A6 /* AppDelegate.swift */ = {isa = PBXFileReference; lastKnownFileType = sourcecode.swift; path = AppDelegate.swift; sourceTree = "<group>"; };
		E79415A71E5D493F004303A6 /* ViewController.swift */ = {isa = PBXFileReference; lastKnownFileType = sourcecode.swift; path = ViewController.swift; sourceTree = "<group>"; };
		E79415AA1E5D493F004303A6 /* Base */ = {isa = PBXFileReference; lastKnownFileType = file.storyboard; name = Base; path = Base.lproj/Main.storyboard; sourceTree = "<group>"; };
		E79415AC1E5D493F004303A6 /* Assets.xcassets */ = {isa = PBXFileReference; lastKnownFileType = folder.assetcatalog; path = Assets.xcassets; sourceTree = "<group>"; };
		E79415AF1E5D493F004303A6 /* Base */ = {isa = PBXFileReference; lastKnownFileType = file.storyboard; name = Base; path = Base.lproj/LaunchScreen.storyboard; sourceTree = "<group>"; };
		E79415B11E5D493F004303A6 /* Info.plist */ = {isa = PBXFileReference; lastKnownFileType = text.plist.xml; path = Info.plist; sourceTree = "<group>"; };
		E79415B71E5D4E44004303A6 /* 복실이.jpg */ = {isa = PBXFileReference; lastKnownFileType = image.jpeg; path = "복실이.jpg"; sourceTree = "<group>"; };
		E79415B81E5D4E44004303A6 /* kkk.jpg */ = {isa = PBXFileReference; lastKnownFileType = image.jpeg; path = kkk.jpg; sourceTree = "<group>"; };
		E79415BB1E5D4E79004303A6 /* ImageViewController.swift */ = {isa = PBXFileReference; fileEncoding = 4; lastKnownFileType = sourcecode.swift; path = ImageViewController.swift; sourceTree = "<group>"; };
		E79415BD1E5D50E3004303A6 /* DateViewController.swift */ = {isa = PBXFileReference; fileEncoding = 4; lastKnownFileType = sourcecode.swift; path = DateViewController.swift; sourceTree = "<group>"; };
		E79415BF1E5D555B004303A6 /* File.png */ = {isa = PBXFileReference; lastKnownFileType = image.png; path = File.png; sourceTree = "<group>"; };
/* End PBXFileReference section */

/* Begin PBXFrameworksBuildPhase section */
		E794159F1E5D493F004303A6 /* Frameworks */ = {
			isa = PBXFrameworksBuildPhase;
			buildActionMask = 2147483647;
			files = (
			);
			runOnlyForDeploymentPostprocessing = 0;
		};
/* End PBXFrameworksBuildPhase section */

/* Begin PBXGroup section */
		E79415991E5D493F004303A6 = {
			isa = PBXGroup;
			children = (
				E79415A41E5D493F004303A6 /* Tab */,
				E79415A31E5D493F004303A6 /* Products */,
			);
			sourceTree = "<group>";
		};
		E79415A31E5D493F004303A6 /* Products */ = {
			isa = PBXGroup;
			children = (
				E79415A21E5D493F004303A6 /* Tab.app */,
			);
			name = Products;
			sourceTree = "<group>";
		};
		E79415A41E5D493F004303A6 /* Tab */ = {
			isa = PBXGroup;
			children = (
				E79415BF1E5D555B004303A6 /* File.png */,
				E79415BD1E5D50E3004303A6 /* DateViewController.swift */,
				E79415BB1E5D4E79004303A6 /* ImageViewController.swift */,
				E79415B71E5D4E44004303A6 /* 복실이.jpg */,
				E79415B81E5D4E44004303A6 /* kkk.jpg */,
				E79415A51E5D493F004303A6 /* AppDelegate.swift */,
				E79415A71E5D493F004303A6 /* ViewController.swift */,
				E79415A91E5D493F004303A6 /* Main.storyboard */,
				E79415AC1E5D493F004303A6 /* Assets.xcassets */,
				E79415AE1E5D493F004303A6 /* LaunchScreen.storyboard */,
				E79415B11E5D493F004303A6 /* Info.plist */,
			);
			path = Tab;
			sourceTree = "<group>";
		};
/* End PBXGroup section */

/* Begin PBXNativeTarget section */
		E79415A11E5D493F004303A6 /* Tab */ = {
			isa = PBXNativeTarget;
			buildConfigurationList = E79415B41E5D493F004303A6 /* Build configuration list for PBXNativeTarget "Tab" */;
			buildPhases = (
				E794159E1E5D493F004303A6 /* Sources */,
				E794159F1E5D493F004303A6 /* Frameworks */,
				E79415A01E5D493F004303A6 /* Resources */,
			);
			buildRules = (
			);
			dependencies = (
			);
			name = Tab;
			productName = Tab;
			productReference = E79415A21E5D493F004303A6 /* Tab.app */;
			productType = "com.apple.product-type.application";
		};
/* End PBXNativeTarget section */

/* Begin PBXProject section */
		E794159A1E5D493F004303A6 /* Project object */ = {
			isa = PBXProject;
			attributes = {
				LastSwiftUpdateCheck = 0820;
				LastUpgradeCheck = 0820;
				ORGANIZATIONNAME = Lucia;
				TargetAttributes = {
					E79415A11E5D493F004303A6 = {
						CreatedOnToolsVersion = 8.2.1;
						DevelopmentTeam = 257L46BQB6;
						ProvisioningStyle = Automatic;
					};
				};
			};
			buildConfigurationList = E794159D1E5D493F004303A6 /* Build configuration list for PBXProject "Tab" */;
			compatibilityVersion = "Xcode 3.2";
			developmentRegion = English;
			hasScannedForEncodings = 0;
			knownRegions = (
				en,
				Base,
			);
			mainGroup = E79415991E5D493F004303A6;
			productRefGroup = E79415A31E5D493F004303A6 /* Products */;
			projectDirPath = "";
			projectRoot = "";
			targets = (
				E79415A11E5D493F004303A6 /* Tab */,
			);
		};
/* End PBXProject section */

/* Begin PBXResourcesBuildPhase section */
		E79415A01E5D493F004303A6 /* Resources */ = {
			isa = PBXResourcesBuildPhase;
			buildActionMask = 2147483647;
			files = (
				E79415B91E5D4E44004303A6 /* 복실이.jpg in Resources */,
				E79415B01E5D493F004303A6 /* LaunchScreen.storyboard in Resources */,
				E79415BA1E5D4E44004303A6 /* kkk.jpg in Resources */,
				E79415C01E5D555B004303A6 /* File.png in Resources */,
				E79415AD1E5D493F004303A6 /* Assets.xcassets in Resources */,
				E79415AB1E5D493F004303A6 /* Main.storyboard in Resources */,
			);
			runOnlyForDeploymentPostprocessing = 0;
		};
/* End PBXResourcesBuildPhase section */

/* Begin PBXSourcesBuildPhase section */
		E794159E1E5D493F004303A6 /* Sources */ = {
			isa = PBXSourcesBuildPhase;
			buildActionMask = 2147483647;
			files = (
				E79415BE1E5D50E3004303A6 /* DateViewController.swift in Sources */,
				E79415A81E5D493F004303A6 /* ViewController.swift in Sources */,
				E79415BC1E5D4E79004303A6 /* ImageViewController.swift in Sources */,
				E79415A61E5D493F004303A6 /* AppDelegate.swift in Sources */,
			);
			runOnlyForDeploymentPostprocessing = 0;
		};
/* End PBXSourcesBuildPhase section */

/* Begin PBXVariantGroup section */
		E79415A91E5D493F004303A6 /* Main.storyboard */ = {
			isa = PBXVariantGroup;
			children = (
				E79415AA1E5D493F004303A6 /* Base */,
			);
			name = Main.storyboard;
			sourceTree = "<group>";
		};
		E79415AE1E5D493F004303A6 /* LaunchScreen.storyboard */ = {
			isa = PBXVariantGroup;
			children = (
				E79415AF1E5D493F004303A6 /* Base */,
			);
			name = LaunchScreen.storyboard;
			sourceTree = "<group>";
		};
/* End PBXVariantGroup section */

/* Begin XCBuildConfiguration section */
		E79415B21E5D493F004303A6 /* Debug */ = {
			isa = XCBuildConfiguration;
			buildSettings = {
				ALWAYS_SEARCH_USER_PATHS = NO;
				CLANG_ANALYZER_NONNULL = YES;
				CLANG_CXX_LANGUAGE_STANDARD = "gnu++0x";
				CLANG_CXX_LIBRARY = "libc++";
				CLANG_ENABLE_MODULES = YES;
				CLANG_ENABLE_OBJC_ARC = YES;
				CLANG_WARN_BOOL_CONVERSION = YES;
				CLANG_WARN_CONSTANT_CONVERSION = YES;
				CLANG_WARN_DIRECT_OBJC_ISA_USAGE = YES_ERROR;
				CLANG_WARN_DOCUMENTATION_COMMENTS = YES;
				CLANG_WARN_EMPTY_BODY = YES;
				CLANG_WARN_ENUM_CONVERSION = YES;
				CLANG_WARN_INFINITE_RECURSION = YES;
				CLANG_WARN_INT_CONVERSION = YES;
				CLANG_WARN_OBJC_ROOT_CLASS = YES_ERROR;
				CLANG_WARN_SUSPICIOUS_MOVE = YES;
				CLANG_WARN_UNREACHABLE_CODE = YES;
				CLANG_WARN__DUPLICATE_METHOD_MATCH = YES;
				"CODE_SIGN_IDENTITY[sdk=iphoneos*]" = "iPhone Developer";
				COPY_PHASE_STRIP = NO;
				DEBUG_INFORMATION_FORMAT = dwarf;
				ENABLE_STRICT_OBJC_MSGSEND = YES;
				ENABLE_TESTABILITY = YES;
				GCC_C_LANGUAGE_STANDARD = gnu99;
				GCC_DYNAMIC_NO_PIC = NO;
				GCC_NO_COMMON_BLOCKS = YES;
				GCC_OPTIMIZATION_LEVEL = 0;
				GCC_PREPROCESSOR_DEFINITIONS = (
					"DEBUG=1",
					"$(inherited)",
				);
				GCC_WARN_64_TO_32_BIT_CONVERSION = YES;
				GCC_WARN_ABOUT_RETURN_TYPE = YES_ERROR;
				GCC_WARN_UNDECLARED_SELECTOR = YES;
				GCC_WARN_UNINITIALIZED_AUTOS = YES_AGGRESSIVE;
				GCC_WARN_UNUSED_FUNCTION = YES;
				GCC_WARN_UNUSED_VARIABLE = YES;
				IPHONEOS_DEPLOYMENT_TARGET = 10.2;
				MTL_ENABLE_DEBUG_INFO = YES;
				ONLY_ACTIVE_ARCH = YES;
				SDKROOT = iphoneos;
				SWIFT_ACTIVE_COMPILATION_CONDITIONS = DEBUG;
				SWIFT_OPTIMIZATION_LEVEL = "-Onone";
				TARGETED_DEVICE_FAMILY = "1,2";
			};
			name = Debug;
		};
		E79415B31E5D493F004303A6 /* Release */ = {
			isa = XCBuildConfiguration;
			buildSettings = {
				ALWAYS_SEARCH_USER_PATHS = NO;
				CLANG_ANALYZER_NONNULL = YES;
				CLANG_CXX_LANGUAGE_STANDARD = "gnu++0x";
				CLANG_CXX_LIBRARY = "libc++";
				CLANG_ENABLE_MODULES = YES;
				CLANG_ENABLE_OBJC_ARC = YES;
				CLANG_WARN_BOOL_CONVERSION = YES;
				CLANG_WARN_CONSTANT_CONVERSION = YES;
				CLANG_WARN_DIRECT_OBJC_ISA_USAGE = YES_ERROR;
				CLANG_WARN_DOCUMENTATION_COMMENTS = YES;
				CLANG_WARN_EMPTY_BODY = YES;
				CLANG_WARN_ENUM_CONVERSION = YES;
				CLANG_WARN_INFINITE_RECURSION = YES;
				CLANG_WARN_INT_CONVERSION = YES;
				CLANG_WARN_OBJC_ROOT_CLASS = YES_ERROR;
				CLANG_WARN_SUSPICIOUS_MOVE = YES;
				CLANG_WARN_UNREACHABLE_CODE = YES;
				CLANG_WARN__DUPLICATE_METHOD_MATCH = YES;
				"CODE_SIGN_IDENTITY[sdk=iphoneos*]" = "iPhone Developer";
				COPY_PHASE_STRIP = NO;
				DEBUG_INFORMATION_FORMAT = "dwarf-with-dsym";
				ENABLE_NS_ASSERTIONS = NO;
				ENABLE_STRICT_OBJC_MSGSEND = YES;
				GCC_C_LANGUAGE_STANDARD = gnu99;
				GCC_NO_COMMON_BLOCKS = YES;
				GCC_WARN_64_TO_32_BIT_CONVERSION = YES;
				GCC_WARN_ABOUT_RETURN_TYPE = YES_ERROR;
				GCC_WARN_UNDECLARED_SELECTOR = YES;
				GCC_WARN_UNINITIALIZED_AUTOS = YES_AGGRESSIVE;
				GCC_WARN_UNUSED_FUNCTION = YES;
				GCC_WARN_UNUSED_VARIABLE = YES;
				IPHONEOS_DEPLOYMENT_TARGET = 10.2;
				MTL_ENABLE_DEBUG_INFO = NO;
				SDKROOT = iphoneos;
				SWIFT_OPTIMIZATION_LEVEL = "-Owholemodule";
				TARGETED_DEVICE_FAMILY = "1,2";
				VALIDATE_PRODUCT = YES;
			};
			name = Release;
		};
		E79415B51E5D493F004303A6 /* Debug */ = {
			isa = XCBuildConfiguration;
			buildSettings = {
				ASSETCATALOG_COMPILER_APPICON_NAME = AppIcon;
				DEVELOPMENT_TEAM = 257L46BQB6;
				INFOPLIST_FILE = Tab/Info.plist;
				LD_RUNPATH_SEARCH_PATHS = "$(inherited) @executable_path/Frameworks";
				PRODUCT_BUNDLE_IDENTIFIER = net.teemo.Tab;
				PRODUCT_NAME = "$(TARGET_NAME)";
				SWIFT_VERSION = 3.0;
			};
			name = Debug;
		};
		E79415B61E5D493F004303A6 /* Release */ = {
			isa = XCBuildConfiguration;
			buildSettings = {
				ASSETCATALOG_COMPILER_APPICON_NAME = AppIcon;
				DEVELOPMENT_TEAM = 257L46BQB6;
				INFOPLIST_FILE = Tab/Info.plist;
				LD_RUNPATH_SEARCH_PATHS = "$(inherited) @executable_path/Frameworks";
				PRODUCT_BUNDLE_IDENTIFIER = net.teemo.Tab;
				PRODUCT_NAME = "$(TARGET_NAME)";
				SWIFT_VERSION = 3.0;
			};
			name = Release;
		};
/* End XCBuildConfiguration section */

/* Begin XCConfigurationList section */
		E794159D1E5D493F004303A6 /* Build configuration list for PBXProject "Tab" */ = {
			isa = XCConfigurationList;
			buildConfigurations = (
				E79415B21E5D493F004303A6 /* Debug */,
				E79415B31E5D493F004303A6 /* Release */,
			);
			defaultConfigurationIsVisible = 0;
			defaultConfigurationName = Release;
		};
		E79415B41E5D493F004303A6 /* Build configuration list for PBXNativeTarget "Tab" */ = {
			isa = XCConfigurationList;
			buildConfigurations = (
				E79415B51E5D493F004303A6 /* Debug */,
				E79415B61E5D493F004303A6 /* Release */,
			);
			defaultConfigurationIsVisible = 0;
		};
/* End XCConfigurationList section */
	};
	rootObject = E794159A1E5D493F004303A6 /* Project object */;
}
